
Microsoft Visual Studio Solution File, Format Version 12.00
# Visual Studio Version 17
VisualStudioVersion = 17.7.34003.232
MinimumVisualStudioVersion = 10.0.40219.1
Project("{FAE04EC0-301F-11D3-BF4B-00C04F79EFBC}") = "crud_orai", "crud_orai\crud_orai.csproj", "{F5122D05-B993-438F-8060-39537E934BD0}"
EndProject
Global
	GlobalSection(SolutionConfigurationPlatforms) = preSolution
		Debug|Any CPU = Debug|Any CPU
		Release|Any CPU = Release|Any CPU
	EndGlobalSection
	GlobalSection(ProjectConfigurationPlatforms) = postSolution
		{F5122D05-B993-438F-8060-39537E934BD0}.Debug|Any CPU.ActiveCfg = Debug|Any CPU
		{F5122D05-B993-438F-8060-39537E934BD0}.Debug|Any CPU.Build.0 = Debug|Any CPU
		{F5122D05-B993-438F-8060-39537E934BD0}.Release|Any CPU.ActiveCfg = Release|Any CPU
		{F5122D05-B993-438F-8060-39537E934BD0}.Release|Any CPU.Build.0 = Release|Any CPU
	EndGlobalSection
	GlobalSection(SolutionProperties) = preSolution
		HideSolutionNode = FALSE
	EndGlobalSection
	GlobalSection(ExtensibilityGlobals) = postSolution
		SolutionGuid = {4C463E2C-4B9A-4715-BEB8-67D107E15300}
	EndGlobalSection
EndGlobal
